
Microsoft Visual Studio Solution File, Format Version 12.00
# Visual Studio Version 17
VisualStudioVersion = 17.4.33213.308
MinimumVisualStudioVersion = 10.0.40219.1
Project("{9A19103F-16F7-4668-BE54-9A1E7A4F7556}") = "EAT", "EAT.csproj", "{131F997D-3D49-4C74-BFE1-83A22AB73031}"
EndProject
Project("{54435603-DBB4-11D2-8724-00A0C9A8B90C}") = "EAT_Setup1", "..\EAT_Setup1\EAT_Setup1.vdproj", "{1B7C87F5-0ADE-4956-83FA-0B01F0E79194}"
EndProject
Global
	GlobalSection(SolutionConfigurationPlatforms) = preSolution
		Debug|Any CPU = Debug|Any CPU
		Release|Any CPU = Release|Any CPU
	EndGlobalSection
	GlobalSection(ProjectConfigurationPlatforms) = postSolution
		{131F997D-3D49-4C74-BFE1-83A22AB73031}.Debug|Any CPU.ActiveCfg = Debug|Any CPU
		{131F997D-3D49-4C74-BFE1-83A22AB73031}.Debug|Any CPU.Build.0 = Debug|Any CPU
		{131F997D-3D49-4C74-BFE1-83A22AB73031}.Release|Any CPU.ActiveCfg = Release|Any CPU
		{131F997D-3D49-4C74-BFE1-83A22AB73031}.Release|Any CPU.Build.0 = Release|Any CPU
		{1B7C87F5-0ADE-4956-83FA-0B01F0E79194}.Debug|Any CPU.ActiveCfg = Debug
		{1B7C87F5-0ADE-4956-83FA-0B01F0E79194}.Release|Any CPU.ActiveCfg = Release
	EndGlobalSection
	GlobalSection(SolutionProperties) = preSolution
		HideSolutionNode = FALSE
	EndGlobalSection
	GlobalSection(ExtensibilityGlobals) = postSolution
		SolutionGuid = {7AD6EF42-0ED5-4711-8836-6DBACB6A4EB1}
	EndGlobalSection
EndGlobal
